// !$*UTF8*$!
{
	archiveVersion = 1;
	classes = {
	};
	objectVersion = 56;
	objects = {

/* Begin PBXBuildFile section */
		5236CBE42C220BCF005C99B8 /* Weather_accueApp.swift in Sources */ = {isa = PBXBuildFile; fileRef = 5236CBE32C220BCF005C99B8 /* Weather_accueApp.swift */; };
		5236CBE62C220BCF005C99B8 /* ContentView.swift in Sources */ = {isa = PBXBuildFile; fileRef = 5236CBE52C220BCF005C99B8 /* ContentView.swift */; };
		5236CBE82C220BD1005C99B8 /* Assets.xcassets in Resources */ = {isa = PBXBuildFile; fileRef = 5236CBE72C220BD1005C99B8 /* Assets.xcassets */; };
		5236CBEC2C220BD1005C99B8 /* Preview Assets.xcassets in Resources */ = {isa = PBXBuildFile; fileRef = 5236CBEB2C220BD1005C99B8 /* Preview Assets.xcassets */; };
		5236CBF62C220F4E005C99B8 /* LocationManager.swift in Sources */ = {isa = PBXBuildFile; fileRef = 5236CBF52C220F4E005C99B8 /* LocationManager.swift */; };
		5236CBF82C221399005C99B8 /* Welcome_screen.swift in Sources */ = {isa = PBXBuildFile; fileRef = 5236CBF72C221399005C99B8 /* Welcome_screen.swift */; };
		5236CBFB2C2218AD005C99B8 /* LoadingScreen.swift in Sources */ = {isa = PBXBuildFile; fileRef = 5236CBFA2C2218AD005C99B8 /* LoadingScreen.swift */; };
		5236CBFD2C221AC1005C99B8 /* WeatherManager.swift in Sources */ = {isa = PBXBuildFile; fileRef = 5236CBFC2C221AC1005C99B8 /* WeatherManager.swift */; };
		5236CC002C221D86005C99B8 /* WeatherModels.swift in Sources */ = {isa = PBXBuildFile; fileRef = 5236CBFF2C221D86005C99B8 /* WeatherModels.swift */; };
		5236CC032C2348E3005C99B8 /* APIManager.swift in Sources */ = {isa = PBXBuildFile; fileRef = 5236CC022C2348E3005C99B8 /* APIManager.swift */; };
		5236CC052C234BCD005C99B8 /* WeatherScreen.swift in Sources */ = {isa = PBXBuildFile; fileRef = 5236CC042C234BCD005C99B8 /* WeatherScreen.swift */; };
		5236CC072C234CD9005C99B8 /* ModelsData.swift in Sources */ = {isa = PBXBuildFile; fileRef = 5236CC062C234CD9005C99B8 /* ModelsData.swift */; };
		5236CC092C234D08005C99B8 /* WeatherData.json in Resources */ = {isa = PBXBuildFile; fileRef = 5236CC082C234D08005C99B8 /* WeatherData.json */; };
		5236CC0C2C2350A6005C99B8 /* Extention.swift in Sources */ = {isa = PBXBuildFile; fileRef = 5236CC0B2C2350A6005C99B8 /* Extention.swift */; };
		5236CC0E2C235B5A005C99B8 /* RowsView.swift in Sources */ = {isa = PBXBuildFile; fileRef = 5236CC0D2C235B5A005C99B8 /* RowsView.swift */; };
/* End PBXBuildFile section */

/* Begin PBXFileReference section */
		5236CBE02C220BCF005C99B8 /* Weather-accue.app */ = {isa = PBXFileReference; explicitFileType = wrapper.application; includeInIndex = 0; path = "Weather-accue.app"; sourceTree = BUILT_PRODUCTS_DIR; };
		5236CBE32C220BCF005C99B8 /* Weather_accueApp.swift */ = {isa = PBXFileReference; lastKnownFileType = sourcecode.swift; path = Weather_accueApp.swift; sourceTree = "<group>"; };
		5236CBE52C220BCF005C99B8 /* ContentView.swift */ = {isa = PBXFileReference; lastKnownFileType = sourcecode.swift; path = ContentView.swift; sourceTree = "<group>"; };
		5236CBE72C220BD1005C99B8 /* Assets.xcassets */ = {isa = PBXFileReference; lastKnownFileType = folder.assetcatalog; path = Assets.xcassets; sourceTree = "<group>"; };
		5236CBE92C220BD1005C99B8 /* Weather_accue.entitlements */ = {isa = PBXFileReference; lastKnownFileType = text.plist.entitlements; path = Weather_accue.entitlements; sourceTree = "<group>"; };
		5236CBEB2C220BD1005C99B8 /* Preview Assets.xcassets */ = {isa = PBXFileReference; lastKnownFileType = folder.assetcatalog; path = "Preview Assets.xcassets"; sourceTree = "<group>"; };
		5236CBF52C220F4E005C99B8 /* LocationManager.swift */ = {isa = PBXFileReference; lastKnownFileType = sourcecode.swift; path = LocationManager.swift; sourceTree = "<group>"; };
		5236CBF72C221399005C99B8 /* Welcome_screen.swift */ = {isa = PBXFileReference; lastKnownFileType = sourcecode.swift; path = Welcome_screen.swift; sourceTree = "<group>"; };
		5236CBFA2C2218AD005C99B8 /* LoadingScreen.swift */ = {isa = PBXFileReference; lastKnownFileType = sourcecode.swift; path = LoadingScreen.swift; sourceTree = "<group>"; };
		5236CBFC2C221AC1005C99B8 /* WeatherManager.swift */ = {isa = PBXFileReference; lastKnownFileType = sourcecode.swift; path = WeatherManager.swift; sourceTree = "<group>"; };
		5236CBFF2C221D86005C99B8 /* WeatherModels.swift */ = {isa = PBXFileReference; lastKnownFileType = sourcecode.swift; path = WeatherModels.swift; sourceTree = "<group>"; };
		5236CC022C2348E3005C99B8 /* APIManager.swift */ = {isa = PBXFileReference; lastKnownFileType = sourcecode.swift; path = APIManager.swift; sourceTree = "<group>"; };
		5236CC042C234BCD005C99B8 /* WeatherScreen.swift */ = {isa = PBXFileReference; lastKnownFileType = sourcecode.swift; path = WeatherScreen.swift; sourceTree = "<group>"; };
		5236CC062C234CD9005C99B8 /* ModelsData.swift */ = {isa = PBXFileReference; lastKnownFileType = sourcecode.swift; path = ModelsData.swift; sourceTree = "<group>"; };
		5236CC082C234D08005C99B8 /* WeatherData.json */ = {isa = PBXFileReference; lastKnownFileType = text.json; path = WeatherData.json; sourceTree = "<group>"; };
		5236CC0B2C2350A6005C99B8 /* Extention.swift */ = {isa = PBXFileReference; lastKnownFileType = sourcecode.swift; path = Extention.swift; sourceTree = "<group>"; };
		5236CC0D2C235B5A005C99B8 /* RowsView.swift */ = {isa = PBXFileReference; lastKnownFileType = sourcecode.swift; path = RowsView.swift; sourceTree = "<group>"; };
/* End PBXFileReference section */

/* Begin PBXFrameworksBuildPhase section */
		5236CBDD2C220BCF005C99B8 /* Frameworks */ = {
			isa = PBXFrameworksBuildPhase;
			buildActionMask = 2147483647;
			files = (
			);
			runOnlyForDeploymentPostprocessing = 0;
		};
/* End PBXFrameworksBuildPhase section */

/* Begin PBXGroup section */
		5236CBD72C220BCF005C99B8 = {
			isa = PBXGroup;
			children = (
				5236CBE22C220BCF005C99B8 /* Weather-accue */,
				5236CBE12C220BCF005C99B8 /* Products */,
			);
			sourceTree = "<group>";
		};
		5236CBE12C220BCF005C99B8 /* Products */ = {
			isa = PBXGroup;
			children = (
				5236CBE02C220BCF005C99B8 /* Weather-accue.app */,
			);
			name = Products;
			sourceTree = "<group>";
		};
		5236CBE22C220BCF005C99B8 /* Weather-accue */ = {
			isa = PBXGroup;
			children = (
				5236CC012C2348C7005C99B8 /* Constents */,
				5236CBFE2C221D76005C99B8 /* Models */,
				5236CBF42C220F2D005C99B8 /* Managers */,
				5236CBF32C220E87005C99B8 /* Views */,
				5236CBF22C220E7A005C99B8 /* App */,
				5236CBE72C220BD1005C99B8 /* Assets.xcassets */,
				5236CBE92C220BD1005C99B8 /* Weather_accue.entitlements */,
				5236CBEA2C220BD1005C99B8 /* Preview Content */,
			);
			path = "Weather-accue";
			sourceTree = "<group>";
		};
		5236CBEA2C220BD1005C99B8 /* Preview Content */ = {
			isa = PBXGroup;
			children = (
				5236CBEB2C220BD1005C99B8 /* Preview Assets.xcassets */,
				5236CC062C234CD9005C99B8 /* ModelsData.swift */,
				5236CC082C234D08005C99B8 /* WeatherData.json */,
			);
			path = "Preview Content";
			sourceTree = "<group>";
		};
		5236CBF22C220E7A005C99B8 /* App */ = {
			isa = PBXGroup;
			children = (
				5236CBE32C220BCF005C99B8 /* Weather_accueApp.swift */,
			);
			path = App;
			sourceTree = "<group>";
		};
		5236CBF32C220E87005C99B8 /* Views */ = {
			isa = PBXGroup;
			children = (
				5236CBF92C22189A005C99B8 /* Components */,
				5236CBE52C220BCF005C99B8 /* ContentView.swift */,
				5236CBF72C221399005C99B8 /* Welcome_screen.swift */,
				5236CC042C234BCD005C99B8 /* WeatherScreen.swift */,
				5236CC0D2C235B5A005C99B8 /* RowsView.swift */,
			);
			path = Views;
			sourceTree = "<group>";
		};
		5236CBF42C220F2D005C99B8 /* Managers */ = {
			isa = PBXGroup;
			children = (
				5236CC0A2C234FC9005C99B8 /* Extentions */,
				5236CBF52C220F4E005C99B8 /* LocationManager.swift */,
				5236CBFC2C221AC1005C99B8 /* WeatherManager.swift */,
			);
			path = Managers;
			sourceTree = "<group>";
		};
		5236CBF92C22189A005C99B8 /* Components */ = {
			isa = PBXGroup;
			children = (
				5236CBFA2C2218AD005C99B8 /* LoadingScreen.swift */,
			);
			path = Components;
			sourceTree = "<group>";
		};
		5236CBFE2C221D76005C99B8 /* Models */ = {
			isa = PBXGroup;
			children = (
				5236CBFF2C221D86005C99B8 /* WeatherModels.swift */,
			);
			path = Models;
			sourceTree = "<group>";
		};
		5236CC012C2348C7005C99B8 /* Constents */ = {
			isa = PBXGroup;
			children = (
				5236CC022C2348E3005C99B8 /* APIManager.swift */,
			);
			path = Constents;
			sourceTree = "<group>";
		};
		5236CC0A2C234FC9005C99B8 /* Extentions */ = {
			isa = PBXGroup;
			children = (
				5236CC0B2C2350A6005C99B8 /* Extention.swift */,
			);
			path = Extentions;
			sourceTree = "<group>";
		};
/* End PBXGroup section */

/* Begin PBXNativeTarget section */
		5236CBDF2C220BCF005C99B8 /* Weather-accue */ = {
			isa = PBXNativeTarget;
			buildConfigurationList = 5236CBEF2C220BD1005C99B8 /* Build configuration list for PBXNativeTarget "Weather-accue" */;
			buildPhases = (
				5236CBDC2C220BCF005C99B8 /* Sources */,
				5236CBDD2C220BCF005C99B8 /* Frameworks */,
				5236CBDE2C220BCF005C99B8 /* Resources */,
			);
			buildRules = (
			);
			dependencies = (
			);
			name = "Weather-accue";
			productName = "Weather-accue";
			productReference = 5236CBE02C220BCF005C99B8 /* Weather-accue.app */;
			productType = "com.apple.product-type.application";
		};
/* End PBXNativeTarget section */

/* Begin PBXProject section */
		5236CBD82C220BCF005C99B8 /* Project object */ = {
			isa = PBXProject;
			attributes = {
				BuildIndependentTargetsInParallel = 1;
				LastSwiftUpdateCheck = 1420;
				LastUpgradeCheck = 1420;
				TargetAttributes = {
					5236CBDF2C220BCF005C99B8 = {
						CreatedOnToolsVersion = 14.2;
					};
				};
			};
			buildConfigurationList = 5236CBDB2C220BCF005C99B8 /* Build configuration list for PBXProject "Weather-accue" */;
			compatibilityVersion = "Xcode 14.0";
			developmentRegion = en;
			hasScannedForEncodings = 0;
			knownRegions = (
				en,
				Base,
			);
			mainGroup = 5236CBD72C220BCF005C99B8;
			productRefGroup = 5236CBE12C220BCF005C99B8 /* Products */;
			projectDirPath = "";
			projectRoot = "";
			targets = (
				5236CBDF2C220BCF005C99B8 /* Weather-accue */,
			);
		};
/* End PBXProject section */

/* Begin PBXResourcesBuildPhase section */
		5236CBDE2C220BCF005C99B8 /* Resources */ = {
			isa = PBXResourcesBuildPhase;
			buildActionMask = 2147483647;
			files = (
				5236CC092C234D08005C99B8 /* WeatherData.json in Resources */,
				5236CBEC2C220BD1005C99B8 /* Preview Assets.xcassets in Resources */,
				5236CBE82C220BD1005C99B8 /* Assets.xcassets in Resources */,
			);
			runOnlyForDeploymentPostprocessing = 0;
		};
/* End PBXResourcesBuildPhase section */

/* Begin PBXSourcesBuildPhase section */
		5236CBDC2C220BCF005C99B8 /* Sources */ = {
			isa = PBXSourcesBuildPhase;
			buildActionMask = 2147483647;
			files = (
				5236CC032C2348E3005C99B8 /* APIManager.swift in Sources */,
				5236CC072C234CD9005C99B8 /* ModelsData.swift in Sources */,
				5236CBFD2C221AC1005C99B8 /* WeatherManager.swift in Sources */,
				5236CC0E2C235B5A005C99B8 /* RowsView.swift in Sources */,
				5236CC002C221D86005C99B8 /* WeatherModels.swift in Sources */,
				5236CBFB2C2218AD005C99B8 /* LoadingScreen.swift in Sources */,
				5236CBE62C220BCF005C99B8 /* ContentView.swift in Sources */,
				5236CBE42C220BCF005C99B8 /* Weather_accueApp.swift in Sources */,
				5236CC052C234BCD005C99B8 /* WeatherScreen.swift in Sources */,
				5236CBF82C221399005C99B8 /* Welcome_screen.swift in Sources */,
				5236CC0C2C2350A6005C99B8 /* Extention.swift in Sources */,
				5236CBF62C220F4E005C99B8 /* LocationManager.swift in Sources */,
			);
			runOnlyForDeploymentPostprocessing = 0;
		};
/* End PBXSourcesBuildPhase section */

/* Begin XCBuildConfiguration section */
		5236CBED2C220BD1005C99B8 /* Debug */ = {
			isa = XCBuildConfiguration;
			buildSettings = {
				ALWAYS_SEARCH_USER_PATHS = NO;
				CLANG_ANALYZER_NONNULL = YES;
				CLANG_ANALYZER_NUMBER_OBJECT_CONVERSION = YES_AGGRESSIVE;
				CLANG_CXX_LANGUAGE_STANDARD = "gnu++20";
				CLANG_ENABLE_MODULES = YES;
				CLANG_ENABLE_OBJC_ARC = YES;
				CLANG_ENABLE_OBJC_WEAK = YES;
				CLANG_WARN_BLOCK_CAPTURE_AUTORELEASING = YES;
				CLANG_WARN_BOOL_CONVERSION = YES;
				CLANG_WARN_COMMA = YES;
				CLANG_WARN_CONSTANT_CONVERSION = YES;
				CLANG_WARN_DEPRECATED_OBJC_IMPLEMENTATIONS = YES;
				CLANG_WARN_DIRECT_OBJC_ISA_USAGE = YES_ERROR;
				CLANG_WARN_DOCUMENTATION_COMMENTS = YES;
				CLANG_WARN_EMPTY_BODY = YES;
				CLANG_WARN_ENUM_CONVERSION = YES;
				CLANG_WARN_INFINITE_RECURSION = YES;
				CLANG_WARN_INT_CONVERSION = YES;
				CLANG_WARN_NON_LITERAL_NULL_CONVERSION = YES;
				CLANG_WARN_OBJC_IMPLICIT_RETAIN_SELF = YES;
				CLANG_WARN_OBJC_LITERAL_CONVERSION = YES;
				CLANG_WARN_OBJC_ROOT_CLASS = YES_ERROR;
				CLANG_WARN_QUOTED_INCLUDE_IN_FRAMEWORK_HEADER = YES;
				CLANG_WARN_RANGE_LOOP_ANALYSIS = YES;
				CLANG_WARN_STRICT_PROTOTYPES = YES;
				CLANG_WARN_SUSPICIOUS_MOVE = YES;
				CLANG_WARN_UNGUARDED_AVAILABILITY = YES_AGGRESSIVE;
				CLANG_WARN_UNREACHABLE_CODE = YES;
				CLANG_WARN__DUPLICATE_METHOD_MATCH = YES;
				COPY_PHASE_STRIP = NO;
				DEBUG_INFORMATION_FORMAT = dwarf;
				ENABLE_STRICT_OBJC_MSGSEND = YES;
				ENABLE_TESTABILITY = YES;
				GCC_C_LANGUAGE_STANDARD = gnu11;
				GCC_DYNAMIC_NO_PIC = NO;
				GCC_NO_COMMON_BLOCKS = YES;
				GCC_OPTIMIZATION_LEVEL = 0;
				GCC_PREPROCESSOR_DEFINITIONS = (
					"DEBUG=1",
					"$(inherited)",
				);
				GCC_WARN_64_TO_32_BIT_CONVERSION = YES;
				GCC_WARN_ABOUT_RETURN_TYPE = YES_ERROR;
				GCC_WARN_UNDECLARED_SELECTOR = YES;
				GCC_WARN_UNINITIALIZED_AUTOS = YES_AGGRESSIVE;
				GCC_WARN_UNUSED_FUNCTION = YES;
				GCC_WARN_UNUSED_VARIABLE = YES;
				MTL_ENABLE_DEBUG_INFO = INCLUDE_SOURCE;
				MTL_FAST_MATH = YES;
				ONLY_ACTIVE_ARCH = YES;
				SWIFT_ACTIVE_COMPILATION_CONDITIONS = DEBUG;
				SWIFT_OPTIMIZATION_LEVEL = "-Onone";
			};
			name = Debug;
		};
		5236CBEE2C220BD1005C99B8 /* Release */ = {
			isa = XCBuildConfiguration;
			buildSettings = {
				ALWAYS_SEARCH_USER_PATHS = NO;
				CLANG_ANALYZER_NONNULL = YES;
				CLANG_ANALYZER_NUMBER_OBJECT_CONVERSION = YES_AGGRESSIVE;
				CLANG_CXX_LANGUAGE_STANDARD = "gnu++20";
				CLANG_ENABLE_MODULES = YES;
				CLANG_ENABLE_OBJC_ARC = YES;
				CLANG_ENABLE_OBJC_WEAK = YES;
				CLANG_WARN_BLOCK_CAPTURE_AUTORELEASING = YES;
				CLANG_WARN_BOOL_CONVERSION = YES;
				CLANG_WARN_COMMA = YES;
				CLANG_WARN_CONSTANT_CONVERSION = YES;
				CLANG_WARN_DEPRECATED_OBJC_IMPLEMENTATIONS = YES;
				CLANG_WARN_DIRECT_OBJC_ISA_USAGE = YES_ERROR;
				CLANG_WARN_DOCUMENTATION_COMMENTS = YES;
				CLANG_WARN_EMPTY_BODY = YES;
				CLANG_WARN_ENUM_CONVERSION = YES;
				CLANG_WARN_INFINITE_RECURSION = YES;
				CLANG_WARN_INT_CONVERSION = YES;
				CLANG_WARN_NON_LITERAL_NULL_CONVERSION = YES;
				CLANG_WARN_OBJC_IMPLICIT_RETAIN_SELF = YES;
				CLANG_WARN_OBJC_LITERAL_CONVERSION = YES;
				CLANG_WARN_OBJC_ROOT_CLASS = YES_ERROR;
				CLANG_WARN_QUOTED_INCLUDE_IN_FRAMEWORK_HEADER = YES;
				CLANG_WARN_RANGE_LOOP_ANALYSIS = YES;
				CLANG_WARN_STRICT_PROTOTYPES = YES;
				CLANG_WARN_SUSPICIOUS_MOVE = YES;
				CLANG_WARN_UNGUARDED_AVAILABILITY = YES_AGGRESSIVE;
				CLANG_WARN_UNREACHABLE_CODE = YES;
				CLANG_WARN__DUPLICATE_METHOD_MATCH = YES;
				COPY_PHASE_STRIP = NO;
				DEBUG_INFORMATION_FORMAT = "dwarf-with-dsym";
				ENABLE_NS_ASSERTIONS = NO;
				ENABLE_STRICT_OBJC_MSGSEND = YES;
				GCC_C_LANGUAGE_STANDARD = gnu11;
				GCC_NO_COMMON_BLOCKS = YES;
				GCC_WARN_64_TO_32_BIT_CONVERSION = YES;
				GCC_WARN_ABOUT_RETURN_TYPE = YES_ERROR;
				GCC_WARN_UNDECLARED_SELECTOR = YES;
				GCC_WARN_UNINITIALIZED_AUTOS = YES_AGGRESSIVE;
				GCC_WARN_UNUSED_FUNCTION = YES;
				GCC_WARN_UNUSED_VARIABLE = YES;
				MTL_ENABLE_DEBUG_INFO = NO;
				MTL_FAST_MATH = YES;
				SWIFT_COMPILATION_MODE = wholemodule;
				SWIFT_OPTIMIZATION_LEVEL = "-O";
			};
			name = Release;
		};
		5236CBF02C220BD1005C99B8 /* Debug */ = {
			isa = XCBuildConfiguration;
			buildSettings = {
				ASSETCATALOG_COMPILER_APPICON_NAME = AppIcon;
				ASSETCATALOG_COMPILER_GLOBAL_ACCENT_COLOR_NAME = AccentColor;
				CODE_SIGN_ENTITLEMENTS = "Weather-accue/Weather_accue.entitlements";
				CODE_SIGN_STYLE = Automatic;
				CURRENT_PROJECT_VERSION = 1;
				DEVELOPMENT_ASSET_PATHS = "\"Weather-accue/Preview Content\"";
				ENABLE_PREVIEWS = YES;
				GENERATE_INFOPLIST_FILE = YES;
				"INFOPLIST_KEY_UIApplicationSceneManifest_Generation[sdk=iphoneos*]" = YES;
				"INFOPLIST_KEY_UIApplicationSceneManifest_Generation[sdk=iphonesimulator*]" = YES;
				"INFOPLIST_KEY_UIApplicationSupportsIndirectInputEvents[sdk=iphoneos*]" = YES;
				"INFOPLIST_KEY_UIApplicationSupportsIndirectInputEvents[sdk=iphonesimulator*]" = YES;
				"INFOPLIST_KEY_UILaunchScreen_Generation[sdk=iphoneos*]" = YES;
				"INFOPLIST_KEY_UILaunchScreen_Generation[sdk=iphonesimulator*]" = YES;
				"INFOPLIST_KEY_UIStatusBarStyle[sdk=iphoneos*]" = UIStatusBarStyleDefault;
				"INFOPLIST_KEY_UIStatusBarStyle[sdk=iphonesimulator*]" = UIStatusBarStyleDefault;
				INFOPLIST_KEY_UISupportedInterfaceOrientations_iPad = "UIInterfaceOrientationPortrait UIInterfaceOrientationPortraitUpsideDown UIInterfaceOrientationLandscapeLeft UIInterfaceOrientationLandscapeRight";
				INFOPLIST_KEY_UISupportedInterfaceOrientations_iPhone = "UIInterfaceOrientationPortrait UIInterfaceOrientationLandscapeLeft UIInterfaceOrientationLandscapeRight";
				IPHONEOS_DEPLOYMENT_TARGET = 16.2;
				LD_RUNPATH_SEARCH_PATHS = "@executable_path/Frameworks";
				"LD_RUNPATH_SEARCH_PATHS[sdk=macosx*]" = "@executable_path/../Frameworks";
				MACOSX_DEPLOYMENT_TARGET = 12.7;
				MARKETING_VERSION = 1.0;
				PRODUCT_BUNDLE_IDENTIFIER = "com.fullstackendeavours.Weather-accue";
				PRODUCT_NAME = "$(TARGET_NAME)";
				SDKROOT = auto;
				SUPPORTED_PLATFORMS = "iphoneos iphonesimulator macosx";
				SWIFT_EMIT_LOC_STRINGS = YES;
				SWIFT_VERSION = 5.0;
				TARGETED_DEVICE_FAMILY = "1,2";
			};
			name = Debug;
		};
		5236CBF12C220BD1005C99B8 /* Release */ = {
			isa = XCBuildConfiguration;
			buildSettings = {
				ASSETCATALOG_COMPILER_APPICON_NAME = AppIcon;
				ASSETCATALOG_COMPILER_GLOBAL_ACCENT_COLOR_NAME = AccentColor;
				CODE_SIGN_ENTITLEMENTS = "Weather-accue/Weather_accue.entitlements";
				CODE_SIGN_STYLE = Automatic;
				CURRENT_PROJECT_VERSION = 1;
				DEVELOPMENT_ASSET_PATHS = "\"Weather-accue/Preview Content\"";
				ENABLE_PREVIEWS = YES;
				GENERATE_INFOPLIST_FILE = YES;
				"INFOPLIST_KEY_UIApplicationSceneManifest_Generation[sdk=iphoneos*]" = YES;
				"INFOPLIST_KEY_UIApplicationSceneManifest_Generation[sdk=iphonesimulator*]" = YES;
				"INFOPLIST_KEY_UIApplicationSupportsIndirectInputEvents[sdk=iphoneos*]" = YES;
				"INFOPLIST_KEY_UIApplicationSupportsIndirectInputEvents[sdk=iphonesimulator*]" = YES;
				"INFOPLIST_KEY_UILaunchScreen_Generation[sdk=iphoneos*]" = YES;
				"INFOPLIST_KEY_UILaunchScreen_Generation[sdk=iphonesimulator*]" = YES;
				"INFOPLIST_KEY_UIStatusBarStyle[sdk=iphoneos*]" = UIStatusBarStyleDefault;
				"INFOPLIST_KEY_UIStatusBarStyle[sdk=iphonesimulator*]" = UIStatusBarStyleDefault;
				INFOPLIST_KEY_UISupportedInterfaceOrientations_iPad = "UIInterfaceOrientationPortrait UIInterfaceOrientationPortraitUpsideDown UIInterfaceOrientationLandscapeLeft UIInterfaceOrientationLandscapeRight";
				INFOPLIST_KEY_UISupportedInterfaceOrientations_iPhone = "UIInterfaceOrientationPortrait UIInterfaceOrientationLandscapeLeft UIInterfaceOrientationLandscapeRight";
				IPHONEOS_DEPLOYMENT_TARGET = 16.2;
				LD_RUNPATH_SEARCH_PATHS = "@executable_path/Frameworks";
				"LD_RUNPATH_SEARCH_PATHS[sdk=macosx*]" = "@executable_path/../Frameworks";
				MACOSX_DEPLOYMENT_TARGET = 12.7;
				MARKETING_VERSION = 1.0;
				PRODUCT_BUNDLE_IDENTIFIER = "com.fullstackendeavours.Weather-accue";
				PRODUCT_NAME = "$(TARGET_NAME)";
				SDKROOT = auto;
				SUPPORTED_PLATFORMS = "iphoneos iphonesimulator macosx";
				SWIFT_EMIT_LOC_STRINGS = YES;
				SWIFT_VERSION = 5.0;
				TARGETED_DEVICE_FAMILY = "1,2";
			};
			name = Release;
		};
/* End XCBuildConfiguration section */

/* Begin XCConfigurationList section */
		5236CBDB2C220BCF005C99B8 /* Build configuration list for PBXProject "Weather-accue" */ = {
			isa = XCConfigurationList;
			buildConfigurations = (
				5236CBED2C220BD1005C99B8 /* Debug */,
				5236CBEE2C220BD1005C99B8 /* Release */,
			);
			defaultConfigurationIsVisible = 0;
			defaultConfigurationName = Release;
		};
		5236CBEF2C220BD1005C99B8 /* Build configuration list for PBXNativeTarget "Weather-accue" */ = {
			isa = XCConfigurationList;
			buildConfigurations = (
				5236CBF02C220BD1005C99B8 /* Debug */,
				5236CBF12C220BD1005C99B8 /* Release */,
			);
			defaultConfigurationIsVisible = 0;
			defaultConfigurationName = Release;
		};
/* End XCConfigurationList section */
	};
	rootObject = 5236CBD82C220BCF005C99B8 /* Project object */;
}
